
Microsoft Visual Studio Solution File, Format Version 12.00
# Visual Studio Version 17
VisualStudioVersion = 17.13.35931.197
MinimumVisualStudioVersion = 10.0.40219.1
Project("{FAE04EC0-301F-11D3-BF4B-00C04F79EFBC}") = "lista03_01", "lista03_01\lista03_01.csproj", "{6F564C92-973A-458B-9E4B-096E6C80D851}"
EndProject
Project("{FAE04EC0-301F-11D3-BF4B-00C04F79EFBC}") = "lista03_02", "lista03_02\lista03_02.csproj", "{3336D0A8-D0BB-46B1-8FDC-80FACAF6B451}"
EndProject
Project("{FAE04EC0-301F-11D3-BF4B-00C04F79EFBC}") = "lista03_03", "lista03_03\lista03_03.csproj", "{49093E38-A8DE-4BA3-9243-14E11C7C232A}"
EndProject
Project("{FAE04EC0-301F-11D3-BF4B-00C04F79EFBC}") = "lista03_04", "lista03_04\lista03_04.csproj", "{E67377C2-EAAE-4CC3-9833-DD53E31AAF5C}"
EndProject
Project("{FAE04EC0-301F-11D3-BF4B-00C04F79EFBC}") = "lista03_05", "lista03_05\lista03_05.csproj", "{18A6E51E-3633-4534-A955-88C87FFB4FA5}"
EndProject
Project("{FAE04EC0-301F-11D3-BF4B-00C04F79EFBC}") = "lista03_06", "lista03_06\lista03_06.csproj", "{A228D917-F050-480A-BE78-67FFA2764CF7}"
EndProject
Project("{FAE04EC0-301F-11D3-BF4B-00C04F79EFBC}") = "lista03_07", "lista03_07\lista03_07.csproj", "{709A7852-1F31-47BA-880F-1F6520EB478E}"
EndProject
Project("{FAE04EC0-301F-11D3-BF4B-00C04F79EFBC}") = "lista03_08", "lista03_08\lista03_08.csproj", "{B1F6837B-8AD2-4401-8AF7-69AF468E89DA}"
EndProject
Project("{FAE04EC0-301F-11D3-BF4B-00C04F79EFBC}") = "lista03_09", "lista03_09\lista03_09.csproj", "{8866DF62-91B8-4278-93B4-AD5BF46D3607}"
EndProject
Project("{FAE04EC0-301F-11D3-BF4B-00C04F79EFBC}") = "lista03_10", "lista03_10\lista03_10.csproj", "{C899B279-1C61-4CE6-A350-DA51EA98EC95}"
EndProject
Project("{FAE04EC0-301F-11D3-BF4B-00C04F79EFBC}") = "lista03_11", "lista03_11\lista03_11.csproj", "{69AE5875-AB54-407A-B8AF-03549A0A0F68}"
EndProject
Project("{FAE04EC0-301F-11D3-BF4B-00C04F79EFBC}") = "lista03_12", "lista03_12\lista03_12.csproj", "{F4DE6428-9383-4764-BE04-523EBE7AD3FB}"
EndProject
Project("{FAE04EC0-301F-11D3-BF4B-00C04F79EFBC}") = "lista03_13", "lista03_13\lista03_13.csproj", "{D07682F6-1896-4B21-B880-A89C343C185E}"
EndProject
Project("{FAE04EC0-301F-11D3-BF4B-00C04F79EFBC}") = "lista03_14", "lista03_14\lista03_14.csproj", "{4220F007-D97E-4CE9-B96E-B1588E55925B}"
EndProject
Project("{FAE04EC0-301F-11D3-BF4B-00C04F79EFBC}") = "lista03_15", "lista03_15\lista03_15.csproj", "{2175CE3F-4C39-444D-919B-E1492C6D48D2}"
EndProject
Project("{FAE04EC0-301F-11D3-BF4B-00C04F79EFBC}") = "lista03_16", "lista03_16\lista03_16.csproj", "{E9E35809-F6E5-4345-B4F2-94EFE4A99FBA}"
EndProject
Project("{FAE04EC0-301F-11D3-BF4B-00C04F79EFBC}") = "lista03_17", "lista03_17\lista03_17.csproj", "{C65E21ED-D3F0-41F1-A9E7-BF1CD05A057D}"
EndProject
Project("{FAE04EC0-301F-11D3-BF4B-00C04F79EFBC}") = "lista03_18", "lista03_18\lista03_18.csproj", "{27934597-2D2D-44FA-B5EF-FB0C4F487F10}"
EndProject
Project("{FAE04EC0-301F-11D3-BF4B-00C04F79EFBC}") = "lista03_19", "lista03_19\lista03_19.csproj", "{1196B86B-6B71-4889-A9F9-FFA1345ACDFA}"
EndProject
Project("{FAE04EC0-301F-11D3-BF4B-00C04F79EFBC}") = "lista03_20", "lista03_20\lista03_20.csproj", "{D2CE30C5-0743-4106-815E-1B818B0412E1}"
EndProject
Project("{FAE04EC0-301F-11D3-BF4B-00C04F79EFBC}") = "lista03_21", "lista03_21\lista03_21.csproj", "{D64AA015-AAF1-4275-A96F-B21A6E325197}"
EndProject
Project("{FAE04EC0-301F-11D3-BF4B-00C04F79EFBC}") = "lista03_22", "lista03_22\lista03_22.csproj", "{D704207A-A058-4620-9027-F3449A1F7D34}"
EndProject
Project("{FAE04EC0-301F-11D3-BF4B-00C04F79EFBC}") = "lista03_23", "lista03_23\lista03_23.csproj", "{E7A92911-0DC8-4944-97F7-129AAD71EEF6}"
EndProject
Project("{FAE04EC0-301F-11D3-BF4B-00C04F79EFBC}") = "lista03_24", "lista03_24\lista03_24.csproj", "{C75E5E41-EC39-43F0-AD82-54DB9960492F}"
EndProject
Project("{FAE04EC0-301F-11D3-BF4B-00C04F79EFBC}") = "lista03_25", "lista03_25\lista03_25.csproj", "{17EF2D04-D901-431F-BBE7-9E464D79F26F}"
EndProject
Project("{FAE04EC0-301F-11D3-BF4B-00C04F79EFBC}") = "lista03_26", "lista03_26\lista03_26.csproj", "{90781BE9-16F6-4CEF-BF21-4B7DABAA937B}"
EndProject
Project("{FAE04EC0-301F-11D3-BF4B-00C04F79EFBC}") = "lista03_27", "lista03_27\lista03_27.csproj", "{87E963AD-44F0-4C24-A992-F2C30A6AB3FD}"
EndProject
Project("{FAE04EC0-301F-11D3-BF4B-00C04F79EFBC}") = "lista03_28", "lista03_28\lista03_28.csproj", "{BB41BF47-4505-4033-B6F2-F128594CD5E8}"
EndProject
Project("{FAE04EC0-301F-11D3-BF4B-00C04F79EFBC}") = "lista03_29", "lista03_29\lista03_29.csproj", "{6A56BF36-353F-47BE-B0A3-9945852A8BA2}"
EndProject
Project("{FAE04EC0-301F-11D3-BF4B-00C04F79EFBC}") = "lista03_30", "lista03_30\lista03_30.csproj", "{CE9D93F1-DA63-4CA1-9841-638C0B17FB3E}"
EndProject
Project("{FAE04EC0-301F-11D3-BF4B-00C04F79EFBC}") = "lista03_31", "lista03_31\lista03_31.csproj", "{D8693C9E-0D16-49FA-9833-6B9DB74F3903}"
EndProject
Project("{FAE04EC0-301F-11D3-BF4B-00C04F79EFBC}") = "lista03_32", "lista03_32\lista03_32.csproj", "{8AE2808D-5816-4018-B95F-48DEEB00BE4C}"
EndProject
Project("{FAE04EC0-301F-11D3-BF4B-00C04F79EFBC}") = "lista03_33", "lista03_33\lista03_33.csproj", "{F8D924F1-65D2-42A5-9E2E-CA21743EEE2A}"
EndProject
Project("{FAE04EC0-301F-11D3-BF4B-00C04F79EFBC}") = "lista03_34", "lista03_34\lista03_34.csproj", "{72579595-C63E-448F-BD20-6A49CB2DB227}"
EndProject
Project("{FAE04EC0-301F-11D3-BF4B-00C04F79EFBC}") = "lista03_35", "lista03_35\lista03_35.csproj", "{D7463A5B-D365-45EA-845A-7860D16EA0B0}"
EndProject
Project("{FAE04EC0-301F-11D3-BF4B-00C04F79EFBC}") = "lista03_36", "lista03_36\lista03_36.csproj", "{E10631F0-A0C5-4EA4-A700-C3694A88B4F6}"
EndProject
Project("{FAE04EC0-301F-11D3-BF4B-00C04F79EFBC}") = "lista03_37", "lista03_37\lista03_37.csproj", "{B78309DD-1E03-41DF-817E-710D1380E9B0}"
EndProject
Project("{FAE04EC0-301F-11D3-BF4B-00C04F79EFBC}") = "lista03_38", "lista03_38\lista03_38.csproj", "{439B0814-454D-4184-86E5-B84ED6EB3EB6}"
EndProject
Project("{FAE04EC0-301F-11D3-BF4B-00C04F79EFBC}") = "lista03_39", "lista03_39\lista03_39.csproj", "{9B7E330A-BC06-468D-BD31-9861F3356685}"
EndProject
Project("{FAE04EC0-301F-11D3-BF4B-00C04F79EFBC}") = "lista03_40", "lista03_40\lista03_40.csproj", "{6E1058F0-84A1-4C65-B61B-B402861BCD84}"
EndProject
Project("{FAE04EC0-301F-11D3-BF4B-00C04F79EFBC}") = "lista03_41", "lista03_41\lista03_41.csproj", "{BA7167F7-8E36-44E3-AC20-2564F0A40A3A}"
EndProject
Project("{FAE04EC0-301F-11D3-BF4B-00C04F79EFBC}") = "lista03_42", "lista03_42\lista03_42.csproj", "{D0B64E3E-67B8-4CE0-9826-170D768C0685}"
EndProject
Project("{FAE04EC0-301F-11D3-BF4B-00C04F79EFBC}") = "lista03_43", "lista03_43\lista03_43.csproj", "{4079B957-65F0-48D3-89FF-DA872FF0C751}"
EndProject
Project("{FAE04EC0-301F-11D3-BF4B-00C04F79EFBC}") = "lista03_45", "lista03_45\lista03_45.csproj", "{9D854B4D-A4AA-4AFA-86CD-71F5C5EC09A3}"
EndProject
Project("{FAE04EC0-301F-11D3-BF4B-00C04F79EFBC}") = "lista03_44", "lista03_44\lista03_44.csproj", "{86C6BCF6-7AAF-401D-B1E7-06DC525D429A}"
EndProject
Project("{FAE04EC0-301F-11D3-BF4B-00C04F79EFBC}") = "lista03_46", "lista03_46\lista03_46.csproj", "{636EED1B-9C1E-4C69-93E1-F52D3656968A}"
EndProject
Project("{FAE04EC0-301F-11D3-BF4B-00C04F79EFBC}") = "lista03_47", "lista03_47\lista03_47.csproj", "{560E5345-90C5-4AEF-AE38-6866028F910D}"
EndProject
Project("{FAE04EC0-301F-11D3-BF4B-00C04F79EFBC}") = "lista03_48", "lista03_48\lista03_48.csproj", "{7808271D-954C-466F-94DA-73D07AEA1FAA}"
EndProject
Project("{FAE04EC0-301F-11D3-BF4B-00C04F79EFBC}") = "lista03_49", "lista03_49\lista03_49.csproj", "{2E22D793-CD02-41AC-9F38-A407C2E05FF9}"
EndProject
Project("{FAE04EC0-301F-11D3-BF4B-00C04F79EFBC}") = "lista03_50", "lista03_50\lista03_50.csproj", "{5DC8079A-2DF2-4AAE-ADCB-6F89E6850256}"
EndProject
Project("{FAE04EC0-301F-11D3-BF4B-00C04F79EFBC}") = "lista03_51", "lista03_51\lista03_51.csproj", "{380CCD08-ADA5-4F86-9B43-9E3BD9FD3D98}"
EndProject
Project("{FAE04EC0-301F-11D3-BF4B-00C04F79EFBC}") = "lista03_52", "lista03_52\lista03_52.csproj", "{90757911-71AF-46ED-9241-1968342994F6}"
EndProject
Project("{FAE04EC0-301F-11D3-BF4B-00C04F79EFBC}") = "lista03_53", "lista03_53\lista03_53.csproj", "{377D443F-CAB0-4963-9AE4-50021577598E}"
EndProject
Project("{FAE04EC0-301F-11D3-BF4B-00C04F79EFBC}") = "lista03_54", "lista03_54\lista03_54.csproj", "{7485159C-F987-41C1-909C-E181E61BFA1E}"
EndProject
Project("{FAE04EC0-301F-11D3-BF4B-00C04F79EFBC}") = "lista03_55", "lista03_55\lista03_55.csproj", "{52BBB713-5150-4C86-BFAD-53E9CBEB30D2}"
EndProject
Project("{FAE04EC0-301F-11D3-BF4B-00C04F79EFBC}") = "lista03_56", "lista03_56\lista03_56.csproj", "{152F8137-38A2-4EC0-B82F-8D3023455B70}"
EndProject
Project("{FAE04EC0-301F-11D3-BF4B-00C04F79EFBC}") = "lista03_57", "lista03_57\lista03_57.csproj", "{E90DCB2F-32D3-4EF2-BCE1-8E58581BD69B}"
EndProject
Project("{FAE04EC0-301F-11D3-BF4B-00C04F79EFBC}") = "lista03_58", "lista03_58\lista03_58.csproj", "{25FA63AA-A2EE-4365-8088-DEB5510FF3AA}"
EndProject
Project("{FAE04EC0-301F-11D3-BF4B-00C04F79EFBC}") = "lista03_59", "lista03_59\lista03_59.csproj", "{7DEBE7EB-C1EB-43DC-A2D5-34F03FC0262A}"
EndProject
Project("{FAE04EC0-301F-11D3-BF4B-00C04F79EFBC}") = "lista03_60", "lista03_60\lista03_60.csproj", "{CD90F380-EBCB-4B9F-ACB9-6A58D2DBCE56}"
EndProject
Project("{FAE04EC0-301F-11D3-BF4B-00C04F79EFBC}") = "lista03_61", "lista03_61\lista03_61.csproj", "{D213FCF5-B87C-44DE-B61F-D4BEF1C4C24A}"
EndProject
Project("{FAE04EC0-301F-11D3-BF4B-00C04F79EFBC}") = "lista03_62", "lista03_62\lista03_62.csproj", "{DFF54F84-29ED-4617-91E0-046BC7E24539}"
EndProject
Project("{FAE04EC0-301F-11D3-BF4B-00C04F79EFBC}") = "lista03_63", "lista03_63\lista03_63.csproj", "{D3FC80FD-5681-43F9-8A3B-21B63CEDC639}"
EndProject
Project("{FAE04EC0-301F-11D3-BF4B-00C04F79EFBC}") = "lista03_64", "lista03_64\lista03_64.csproj", "{9B753F48-5B89-4617-960F-E892A0EE33B7}"
EndProject
Project("{FAE04EC0-301F-11D3-BF4B-00C04F79EFBC}") = "lista03_65", "lista03_65\lista03_65.csproj", "{9C5E10B9-1878-4744-925D-8C05635BFFFD}"
EndProject
Project("{FAE04EC0-301F-11D3-BF4B-00C04F79EFBC}") = "lista03_66", "lista03_66\lista03_66.csproj", "{E27A4A0D-F968-42D4-B90B-400A7344D7A4}"
EndProject
Project("{FAE04EC0-301F-11D3-BF4B-00C04F79EFBC}") = "lista03_67", "lista03_67\lista03_67.csproj", "{2E9FD53F-4EDE-4BB6-AE5D-AD6CEE5F6D1C}"
EndProject
Project("{FAE04EC0-301F-11D3-BF4B-00C04F79EFBC}") = "lista03_68", "lista03_68\lista03_68.csproj", "{0A86DDE1-C04D-4AC0-B2BE-06CDC8409037}"
EndProject
Global
	GlobalSection(SolutionConfigurationPlatforms) = preSolution
		Debug|Any CPU = Debug|Any CPU
		Release|Any CPU = Release|Any CPU
	EndGlobalSection
	GlobalSection(ProjectConfigurationPlatforms) = postSolution
		{6F564C92-973A-458B-9E4B-096E6C80D851}.Debug|Any CPU.ActiveCfg = Debug|Any CPU
		{6F564C92-973A-458B-9E4B-096E6C80D851}.Debug|Any CPU.Build.0 = Debug|Any CPU
		{6F564C92-973A-458B-9E4B-096E6C80D851}.Release|Any CPU.ActiveCfg = Release|Any CPU
		{6F564C92-973A-458B-9E4B-096E6C80D851}.Release|Any CPU.Build.0 = Release|Any CPU
		{3336D0A8-D0BB-46B1-8FDC-80FACAF6B451}.Debug|Any CPU.ActiveCfg = Debug|Any CPU
		{3336D0A8-D0BB-46B1-8FDC-80FACAF6B451}.Debug|Any CPU.Build.0 = Debug|Any CPU
		{3336D0A8-D0BB-46B1-8FDC-80FACAF6B451}.Release|Any CPU.ActiveCfg = Release|Any CPU
		{3336D0A8-D0BB-46B1-8FDC-80FACAF6B451}.Release|Any CPU.Build.0 = Release|Any CPU
		{49093E38-A8DE-4BA3-9243-14E11C7C232A}.Debug|Any CPU.ActiveCfg = Debug|Any CPU
		{49093E38-A8DE-4BA3-9243-14E11C7C232A}.Debug|Any CPU.Build.0 = Debug|Any CPU
		{49093E38-A8DE-4BA3-9243-14E11C7C232A}.Release|Any CPU.ActiveCfg = Release|Any CPU
		{49093E38-A8DE-4BA3-9243-14E11C7C232A}.Release|Any CPU.Build.0 = Release|Any CPU
		{E67377C2-EAAE-4CC3-9833-DD53E31AAF5C}.Debug|Any CPU.ActiveCfg = Debug|Any CPU
		{E67377C2-EAAE-4CC3-9833-DD53E31AAF5C}.Debug|Any CPU.Build.0 = Debug|Any CPU
		{E67377C2-EAAE-4CC3-9833-DD53E31AAF5C}.Release|Any CPU.ActiveCfg = Release|Any CPU
		{E67377C2-EAAE-4CC3-9833-DD53E31AAF5C}.Release|Any CPU.Build.0 = Release|Any CPU
		{18A6E51E-3633-4534-A955-88C87FFB4FA5}.Debug|Any CPU.ActiveCfg = Debug|Any CPU
		{18A6E51E-3633-4534-A955-88C87FFB4FA5}.Debug|Any CPU.Build.0 = Debug|Any CPU
		{18A6E51E-3633-4534-A955-88C87FFB4FA5}.Release|Any CPU.ActiveCfg = Release|Any CPU
		{18A6E51E-3633-4534-A955-88C87FFB4FA5}.Release|Any CPU.Build.0 = Release|Any CPU
		{A228D917-F050-480A-BE78-67FFA2764CF7}.Debug|Any CPU.ActiveCfg = Debug|Any CPU
		{A228D917-F050-480A-BE78-67FFA2764CF7}.Debug|Any CPU.Build.0 = Debug|Any CPU
		{A228D917-F050-480A-BE78-67FFA2764CF7}.Release|Any CPU.ActiveCfg = Release|Any CPU
		{A228D917-F050-480A-BE78-67FFA2764CF7}.Release|Any CPU.Build.0 = Release|Any CPU
		{709A7852-1F31-47BA-880F-1F6520EB478E}.Debug|Any CPU.ActiveCfg = Debug|Any CPU
		{709A7852-1F31-47BA-880F-1F6520EB478E}.Debug|Any CPU.Build.0 = Debug|Any CPU
		{709A7852-1F31-47BA-880F-1F6520EB478E}.Release|Any CPU.ActiveCfg = Release|Any CPU
		{709A7852-1F31-47BA-880F-1F6520EB478E}.Release|Any CPU.Build.0 = Release|Any CPU
		{B1F6837B-8AD2-4401-8AF7-69AF468E89DA}.Debug|Any CPU.ActiveCfg = Debug|Any CPU
		{B1F6837B-8AD2-4401-8AF7-69AF468E89DA}.Debug|Any CPU.Build.0 = Debug|Any CPU
		{B1F6837B-8AD2-4401-8AF7-69AF468E89DA}.Release|Any CPU.ActiveCfg = Release|Any CPU
		{B1F6837B-8AD2-4401-8AF7-69AF468E89DA}.Release|Any CPU.Build.0 = Release|Any CPU
		{8866DF62-91B8-4278-93B4-AD5BF46D3607}.Debug|Any CPU.ActiveCfg = Debug|Any CPU
		{8866DF62-91B8-4278-93B4-AD5BF46D3607}.Debug|Any CPU.Build.0 = Debug|Any CPU
		{8866DF62-91B8-4278-93B4-AD5BF46D3607}.Release|Any CPU.ActiveCfg = Release|Any CPU
		{8866DF62-91B8-4278-93B4-AD5BF46D3607}.Release|Any CPU.Build.0 = Release|Any CPU
		{C899B279-1C61-4CE6-A350-DA51EA98EC95}.Debug|Any CPU.ActiveCfg = Debug|Any CPU
		{C899B279-1C61-4CE6-A350-DA51EA98EC95}.Debug|Any CPU.Build.0 = Debug|Any CPU
		{C899B279-1C61-4CE6-A350-DA51EA98EC95}.Release|Any CPU.ActiveCfg = Release|Any CPU
		{C899B279-1C61-4CE6-A350-DA51EA98EC95}.Release|Any CPU.Build.0 = Release|Any CPU
		{69AE5875-AB54-407A-B8AF-03549A0A0F68}.Debug|Any CPU.ActiveCfg = Debug|Any CPU
		{69AE5875-AB54-407A-B8AF-03549A0A0F68}.Debug|Any CPU.Build.0 = Debug|Any CPU
		{69AE5875-AB54-407A-B8AF-03549A0A0F68}.Release|Any CPU.ActiveCfg = Release|Any CPU
		{69AE5875-AB54-407A-B8AF-03549A0A0F68}.Release|Any CPU.Build.0 = Release|Any CPU
		{F4DE6428-9383-4764-BE04-523EBE7AD3FB}.Debug|Any CPU.ActiveCfg = Debug|Any CPU
		{F4DE6428-9383-4764-BE04-523EBE7AD3FB}.Debug|Any CPU.Build.0 = Debug|Any CPU
		{F4DE6428-9383-4764-BE04-523EBE7AD3FB}.Release|Any CPU.ActiveCfg = Release|Any CPU
		{F4DE6428-9383-4764-BE04-523EBE7AD3FB}.Release|Any CPU.Build.0 = Release|Any CPU
		{D07682F6-1896-4B21-B880-A89C343C185E}.Debug|Any CPU.ActiveCfg = Debug|Any CPU
		{D07682F6-1896-4B21-B880-A89C343C185E}.Debug|Any CPU.Build.0 = Debug|Any CPU
		{D07682F6-1896-4B21-B880-A89C343C185E}.Release|Any CPU.ActiveCfg = Release|Any CPU
		{D07682F6-1896-4B21-B880-A89C343C185E}.Release|Any CPU.Build.0 = Release|Any CPU
		{4220F007-D97E-4CE9-B96E-B1588E55925B}.Debug|Any CPU.ActiveCfg = Debug|Any CPU
		{4220F007-D97E-4CE9-B96E-B1588E55925B}.Debug|Any CPU.Build.0 = Debug|Any CPU
		{4220F007-D97E-4CE9-B96E-B1588E55925B}.Release|Any CPU.ActiveCfg = Release|Any CPU
		{4220F007-D97E-4CE9-B96E-B1588E55925B}.Release|Any CPU.Build.0 = Release|Any CPU
		{2175CE3F-4C39-444D-919B-E1492C6D48D2}.Debug|Any CPU.ActiveCfg = Debug|Any CPU
		{2175CE3F-4C39-444D-919B-E1492C6D48D2}.Debug|Any CPU.Build.0 = Debug|Any CPU
		{2175CE3F-4C39-444D-919B-E1492C6D48D2}.Release|Any CPU.ActiveCfg = Release|Any CPU
		{2175CE3F-4C39-444D-919B-E1492C6D48D2}.Release|Any CPU.Build.0 = Release|Any CPU
		{E9E35809-F6E5-4345-B4F2-94EFE4A99FBA}.Debug|Any CPU.ActiveCfg = Debug|Any CPU
		{E9E35809-F6E5-4345-B4F2-94EFE4A99FBA}.Debug|Any CPU.Build.0 = Debug|Any CPU
		{E9E35809-F6E5-4345-B4F2-94EFE4A99FBA}.Release|Any CPU.ActiveCfg = Release|Any CPU
		{E9E35809-F6E5-4345-B4F2-94EFE4A99FBA}.Release|Any CPU.Build.0 = Release|Any CPU
		{C65E21ED-D3F0-41F1-A9E7-BF1CD05A057D}.Debug|Any CPU.ActiveCfg = Debug|Any CPU
		{C65E21ED-D3F0-41F1-A9E7-BF1CD05A057D}.Debug|Any CPU.Build.0 = Debug|Any CPU
		{C65E21ED-D3F0-41F1-A9E7-BF1CD05A057D}.Release|Any CPU.ActiveCfg = Release|Any CPU
		{C65E21ED-D3F0-41F1-A9E7-BF1CD05A057D}.Release|Any CPU.Build.0 = Release|Any CPU
		{27934597-2D2D-44FA-B5EF-FB0C4F487F10}.Debug|Any CPU.ActiveCfg = Debug|Any CPU
		{27934597-2D2D-44FA-B5EF-FB0C4F487F10}.Debug|Any CPU.Build.0 = Debug|Any CPU
		{27934597-2D2D-44FA-B5EF-FB0C4F487F10}.Release|Any CPU.ActiveCfg = Release|Any CPU
		{27934597-2D2D-44FA-B5EF-FB0C4F487F10}.Release|Any CPU.Build.0 = Release|Any CPU
		{1196B86B-6B71-4889-A9F9-FFA1345ACDFA}.Debug|Any CPU.ActiveCfg = Debug|Any CPU
		{1196B86B-6B71-4889-A9F9-FFA1345ACDFA}.Debug|Any CPU.Build.0 = Debug|Any CPU
		{1196B86B-6B71-4889-A9F9-FFA1345ACDFA}.Release|Any CPU.ActiveCfg = Release|Any CPU
		{1196B86B-6B71-4889-A9F9-FFA1345ACDFA}.Release|Any CPU.Build.0 = Release|Any CPU
		{D2CE30C5-0743-4106-815E-1B818B0412E1}.Debug|Any CPU.ActiveCfg = Debug|Any CPU
		{D2CE30C5-0743-4106-815E-1B818B0412E1}.Debug|Any CPU.Build.0 = Debug|Any CPU
		{D2CE30C5-0743-4106-815E-1B818B0412E1}.Release|Any CPU.ActiveCfg = Release|Any CPU
		{D2CE30C5-0743-4106-815E-1B818B0412E1}.Release|Any CPU.Build.0 = Release|Any CPU
		{D64AA015-AAF1-4275-A96F-B21A6E325197}.Debug|Any CPU.ActiveCfg = Debug|Any CPU
		{D64AA015-AAF1-4275-A96F-B21A6E325197}.Debug|Any CPU.Build.0 = Debug|Any CPU
		{D64AA015-AAF1-4275-A96F-B21A6E325197}.Release|Any CPU.ActiveCfg = Release|Any CPU
		{D64AA015-AAF1-4275-A96F-B21A6E325197}.Release|Any CPU.Build.0 = Release|Any CPU
		{D704207A-A058-4620-9027-F3449A1F7D34}.Debug|Any CPU.ActiveCfg = Debug|Any CPU
		{D704207A-A058-4620-9027-F3449A1F7D34}.Debug|Any CPU.Build.0 = Debug|Any CPU
		{D704207A-A058-4620-9027-F3449A1F7D34}.Release|Any CPU.ActiveCfg = Release|Any CPU
		{D704207A-A058-4620-9027-F3449A1F7D34}.Release|Any CPU.Build.0 = Release|Any CPU
		{E7A92911-0DC8-4944-97F7-129AAD71EEF6}.Debug|Any CPU.ActiveCfg = Debug|Any CPU
		{E7A92911-0DC8-4944-97F7-129AAD71EEF6}.Debug|Any CPU.Build.0 = Debug|Any CPU
		{E7A92911-0DC8-4944-97F7-129AAD71EEF6}.Release|Any CPU.ActiveCfg = Release|Any CPU
		{E7A92911-0DC8-4944-97F7-129AAD71EEF6}.Release|Any CPU.Build.0 = Release|Any CPU
		{C75E5E41-EC39-43F0-AD82-54DB9960492F}.Debug|Any CPU.ActiveCfg = Debug|Any CPU
		{C75E5E41-EC39-43F0-AD82-54DB9960492F}.Debug|Any CPU.Build.0 = Debug|Any CPU
		{C75E5E41-EC39-43F0-AD82-54DB9960492F}.Release|Any CPU.ActiveCfg = Release|Any CPU
		{C75E5E41-EC39-43F0-AD82-54DB9960492F}.Release|Any CPU.Build.0 = Release|Any CPU
		{17EF2D04-D901-431F-BBE7-9E464D79F26F}.Debug|Any CPU.ActiveCfg = Debug|Any CPU
		{17EF2D04-D901-431F-BBE7-9E464D79F26F}.Debug|Any CPU.Build.0 = Debug|Any CPU
		{17EF2D04-D901-431F-BBE7-9E464D79F26F}.Release|Any CPU.ActiveCfg = Release|Any CPU
		{17EF2D04-D901-431F-BBE7-9E464D79F26F}.Release|Any CPU.Build.0 = Release|Any CPU
		{90781BE9-16F6-4CEF-BF21-4B7DABAA937B}.Debug|Any CPU.ActiveCfg = Debug|Any CPU
		{90781BE9-16F6-4CEF-BF21-4B7DABAA937B}.Debug|Any CPU.Build.0 = Debug|Any CPU
		{90781BE9-16F6-4CEF-BF21-4B7DABAA937B}.Release|Any CPU.ActiveCfg = Release|Any CPU
		{90781BE9-16F6-4CEF-BF21-4B7DABAA937B}.Release|Any CPU.Build.0 = Release|Any CPU
		{87E963AD-44F0-4C24-A992-F2C30A6AB3FD}.Debug|Any CPU.ActiveCfg = Debug|Any CPU
		{87E963AD-44F0-4C24-A992-F2C30A6AB3FD}.Debug|Any CPU.Build.0 = Debug|Any CPU
		{87E963AD-44F0-4C24-A992-F2C30A6AB3FD}.Release|Any CPU.ActiveCfg = Release|Any CPU
		{87E963AD-44F0-4C24-A992-F2C30A6AB3FD}.Release|Any CPU.Build.0 = Release|Any CPU
		{BB41BF47-4505-4033-B6F2-F128594CD5E8}.Debug|Any CPU.ActiveCfg = Debug|Any CPU
		{BB41BF47-4505-4033-B6F2-F128594CD5E8}.Debug|Any CPU.Build.0 = Debug|Any CPU
		{BB41BF47-4505-4033-B6F2-F128594CD5E8}.Release|Any CPU.ActiveCfg = Release|Any CPU
		{BB41BF47-4505-4033-B6F2-F128594CD5E8}.Release|Any CPU.Build.0 = Release|Any CPU
		{6A56BF36-353F-47BE-B0A3-9945852A8BA2}.Debug|Any CPU.ActiveCfg = Debug|Any CPU
		{6A56BF36-353F-47BE-B0A3-9945852A8BA2}.Debug|Any CPU.Build.0 = Debug|Any CPU
		{6A56BF36-353F-47BE-B0A3-9945852A8BA2}.Release|Any CPU.ActiveCfg = Release|Any CPU
		{6A56BF36-353F-47BE-B0A3-9945852A8BA2}.Release|Any CPU.Build.0 = Release|Any CPU
		{CE9D93F1-DA63-4CA1-9841-638C0B17FB3E}.Debug|Any CPU.ActiveCfg = Debug|Any CPU
		{CE9D93F1-DA63-4CA1-9841-638C0B17FB3E}.Debug|Any CPU.Build.0 = Debug|Any CPU
		{CE9D93F1-DA63-4CA1-9841-638C0B17FB3E}.Release|Any CPU.ActiveCfg = Release|Any CPU
		{CE9D93F1-DA63-4CA1-9841-638C0B17FB3E}.Release|Any CPU.Build.0 = Release|Any CPU
		{D8693C9E-0D16-49FA-9833-6B9DB74F3903}.Debug|Any CPU.ActiveCfg = Debug|Any CPU
		{D8693C9E-0D16-49FA-9833-6B9DB74F3903}.Debug|Any CPU.Build.0 = Debug|Any CPU
		{D8693C9E-0D16-49FA-9833-6B9DB74F3903}.Release|Any CPU.ActiveCfg = Release|Any CPU
		{D8693C9E-0D16-49FA-9833-6B9DB74F3903}.Release|Any CPU.Build.0 = Release|Any CPU
		{8AE2808D-5816-4018-B95F-48DEEB00BE4C}.Debug|Any CPU.ActiveCfg = Debug|Any CPU
		{8AE2808D-5816-4018-B95F-48DEEB00BE4C}.Debug|Any CPU.Build.0 = Debug|Any CPU
		{8AE2808D-5816-4018-B95F-48DEEB00BE4C}.Release|Any CPU.ActiveCfg = Release|Any CPU
		{8AE2808D-5816-4018-B95F-48DEEB00BE4C}.Release|Any CPU.Build.0 = Release|Any CPU
		{F8D924F1-65D2-42A5-9E2E-CA21743EEE2A}.Debug|Any CPU.ActiveCfg = Debug|Any CPU
		{F8D924F1-65D2-42A5-9E2E-CA21743EEE2A}.Debug|Any CPU.Build.0 = Debug|Any CPU
		{F8D924F1-65D2-42A5-9E2E-CA21743EEE2A}.Release|Any CPU.ActiveCfg = Release|Any CPU
		{F8D924F1-65D2-42A5-9E2E-CA21743EEE2A}.Release|Any CPU.Build.0 = Release|Any CPU
		{72579595-C63E-448F-BD20-6A49CB2DB227}.Debug|Any CPU.ActiveCfg = Debug|Any CPU
		{72579595-C63E-448F-BD20-6A49CB2DB227}.Debug|Any CPU.Build.0 = Debug|Any CPU
		{72579595-C63E-448F-BD20-6A49CB2DB227}.Release|Any CPU.ActiveCfg = Release|Any CPU
		{72579595-C63E-448F-BD20-6A49CB2DB227}.Release|Any CPU.Build.0 = Release|Any CPU
		{D7463A5B-D365-45EA-845A-7860D16EA0B0}.Debug|Any CPU.ActiveCfg = Debug|Any CPU
		{D7463A5B-D365-45EA-845A-7860D16EA0B0}.Debug|Any CPU.Build.0 = Debug|Any CPU
		{D7463A5B-D365-45EA-845A-7860D16EA0B0}.Release|Any CPU.ActiveCfg = Release|Any CPU
		{D7463A5B-D365-45EA-845A-7860D16EA0B0}.Release|Any CPU.Build.0 = Release|Any CPU
		{E10631F0-A0C5-4EA4-A700-C3694A88B4F6}.Debug|Any CPU.ActiveCfg = Debug|Any CPU
		{E10631F0-A0C5-4EA4-A700-C3694A88B4F6}.Debug|Any CPU.Build.0 = Debug|Any CPU
		{E10631F0-A0C5-4EA4-A700-C3694A88B4F6}.Release|Any CPU.ActiveCfg = Release|Any CPU
		{E10631F0-A0C5-4EA4-A700-C3694A88B4F6}.Release|Any CPU.Build.0 = Release|Any CPU
		{B78309DD-1E03-41DF-817E-710D1380E9B0}.Debug|Any CPU.ActiveCfg = Debug|Any CPU
		{B78309DD-1E03-41DF-817E-710D1380E9B0}.Debug|Any CPU.Build.0 = Debug|Any CPU
		{B78309DD-1E03-41DF-817E-710D1380E9B0}.Release|Any CPU.ActiveCfg = Release|Any CPU
		{B78309DD-1E03-41DF-817E-710D1380E9B0}.Release|Any CPU.Build.0 = Release|Any CPU
		{439B0814-454D-4184-86E5-B84ED6EB3EB6}.Debug|Any CPU.ActiveCfg = Debug|Any CPU
		{439B0814-454D-4184-86E5-B84ED6EB3EB6}.Debug|Any CPU.Build.0 = Debug|Any CPU
		{439B0814-454D-4184-86E5-B84ED6EB3EB6}.Release|Any CPU.ActiveCfg = Release|Any CPU
		{439B0814-454D-4184-86E5-B84ED6EB3EB6}.Release|Any CPU.Build.0 = Release|Any CPU
		{9B7E330A-BC06-468D-BD31-9861F3356685}.Debug|Any CPU.ActiveCfg = Debug|Any CPU
		{9B7E330A-BC06-468D-BD31-9861F3356685}.Debug|Any CPU.Build.0 = Debug|Any CPU
		{9B7E330A-BC06-468D-BD31-9861F3356685}.Release|Any CPU.ActiveCfg = Release|Any CPU
		{9B7E330A-BC06-468D-BD31-9861F3356685}.Release|Any CPU.Build.0 = Release|Any CPU
		{6E1058F0-84A1-4C65-B61B-B402861BCD84}.Debug|Any CPU.ActiveCfg = Debug|Any CPU
		{6E1058F0-84A1-4C65-B61B-B402861BCD84}.Debug|Any CPU.Build.0 = Debug|Any CPU
		{6E1058F0-84A1-4C65-B61B-B402861BCD84}.Release|Any CPU.ActiveCfg = Release|Any CPU
		{6E1058F0-84A1-4C65-B61B-B402861BCD84}.Release|Any CPU.Build.0 = Release|Any CPU
		{BA7167F7-8E36-44E3-AC20-2564F0A40A3A}.Debug|Any CPU.ActiveCfg = Debug|Any CPU
		{BA7167F7-8E36-44E3-AC20-2564F0A40A3A}.Debug|Any CPU.Build.0 = Debug|Any CPU
		{BA7167F7-8E36-44E3-AC20-2564F0A40A3A}.Release|Any CPU.ActiveCfg = Release|Any CPU
		{BA7167F7-8E36-44E3-AC20-2564F0A40A3A}.Release|Any CPU.Build.0 = Release|Any CPU
		{D0B64E3E-67B8-4CE0-9826-170D768C0685}.Debug|Any CPU.ActiveCfg = Debug|Any CPU
		{D0B64E3E-67B8-4CE0-9826-170D768C0685}.Debug|Any CPU.Build.0 = Debug|Any CPU
		{D0B64E3E-67B8-4CE0-9826-170D768C0685}.Release|Any CPU.ActiveCfg = Release|Any CPU
		{D0B64E3E-67B8-4CE0-9826-170D768C0685}.Release|Any CPU.Build.0 = Release|Any CPU
		{4079B957-65F0-48D3-89FF-DA872FF0C751}.Debug|Any CPU.ActiveCfg = Debug|Any CPU
		{4079B957-65F0-48D3-89FF-DA872FF0C751}.Debug|Any CPU.Build.0 = Debug|Any CPU
		{4079B957-65F0-48D3-89FF-DA872FF0C751}.Release|Any CPU.ActiveCfg = Release|Any CPU
		{4079B957-65F0-48D3-89FF-DA872FF0C751}.Release|Any CPU.Build.0 = Release|Any CPU
		{9D854B4D-A4AA-4AFA-86CD-71F5C5EC09A3}.Debug|Any CPU.ActiveCfg = Debug|Any CPU
		{9D854B4D-A4AA-4AFA-86CD-71F5C5EC09A3}.Debug|Any CPU.Build.0 = Debug|Any CPU
		{9D854B4D-A4AA-4AFA-86CD-71F5C5EC09A3}.Release|Any CPU.ActiveCfg = Release|Any CPU
		{9D854B4D-A4AA-4AFA-86CD-71F5C5EC09A3}.Release|Any CPU.Build.0 = Release|Any CPU
		{86C6BCF6-7AAF-401D-B1E7-06DC525D429A}.Debug|Any CPU.ActiveCfg = Debug|Any CPU
		{86C6BCF6-7AAF-401D-B1E7-06DC525D429A}.Debug|Any CPU.Build.0 = Debug|Any CPU
		{86C6BCF6-7AAF-401D-B1E7-06DC525D429A}.Release|Any CPU.ActiveCfg = Release|Any CPU
		{86C6BCF6-7AAF-401D-B1E7-06DC525D429A}.Release|Any CPU.Build.0 = Release|Any CPU
		{636EED1B-9C1E-4C69-93E1-F52D3656968A}.Debug|Any CPU.ActiveCfg = Debug|Any CPU
		{636EED1B-9C1E-4C69-93E1-F52D3656968A}.Debug|Any CPU.Build.0 = Debug|Any CPU
		{636EED1B-9C1E-4C69-93E1-F52D3656968A}.Release|Any CPU.ActiveCfg = Release|Any CPU
		{636EED1B-9C1E-4C69-93E1-F52D3656968A}.Release|Any CPU.Build.0 = Release|Any CPU
		{560E5345-90C5-4AEF-AE38-6866028F910D}.Debug|Any CPU.ActiveCfg = Debug|Any CPU
		{560E5345-90C5-4AEF-AE38-6866028F910D}.Debug|Any CPU.Build.0 = Debug|Any CPU
		{560E5345-90C5-4AEF-AE38-6866028F910D}.Release|Any CPU.ActiveCfg = Release|Any CPU
		{560E5345-90C5-4AEF-AE38-6866028F910D}.Release|Any CPU.Build.0 = Release|Any CPU
		{7808271D-954C-466F-94DA-73D07AEA1FAA}.Debug|Any CPU.ActiveCfg = Debug|Any CPU
		{7808271D-954C-466F-94DA-73D07AEA1FAA}.Debug|Any CPU.Build.0 = Debug|Any CPU
		{7808271D-954C-466F-94DA-73D07AEA1FAA}.Release|Any CPU.ActiveCfg = Release|Any CPU
		{7808271D-954C-466F-94DA-73D07AEA1FAA}.Release|Any CPU.Build.0 = Release|Any CPU
		{2E22D793-CD02-41AC-9F38-A407C2E05FF9}.Debug|Any CPU.ActiveCfg = Debug|Any CPU
		{2E22D793-CD02-41AC-9F38-A407C2E05FF9}.Debug|Any CPU.Build.0 = Debug|Any CPU
		{2E22D793-CD02-41AC-9F38-A407C2E05FF9}.Release|Any CPU.ActiveCfg = Release|Any CPU
		{2E22D793-CD02-41AC-9F38-A407C2E05FF9}.Release|Any CPU.Build.0 = Release|Any CPU
		{5DC8079A-2DF2-4AAE-ADCB-6F89E6850256}.Debug|Any CPU.ActiveCfg = Debug|Any CPU
		{5DC8079A-2DF2-4AAE-ADCB-6F89E6850256}.Debug|Any CPU.Build.0 = Debug|Any CPU
		{5DC8079A-2DF2-4AAE-ADCB-6F89E6850256}.Release|Any CPU.ActiveCfg = Release|Any CPU
		{5DC8079A-2DF2-4AAE-ADCB-6F89E6850256}.Release|Any CPU.Build.0 = Release|Any CPU
		{380CCD08-ADA5-4F86-9B43-9E3BD9FD3D98}.Debug|Any CPU.ActiveCfg = Debug|Any CPU
		{380CCD08-ADA5-4F86-9B43-9E3BD9FD3D98}.Debug|Any CPU.Build.0 = Debug|Any CPU
		{380CCD08-ADA5-4F86-9B43-9E3BD9FD3D98}.Release|Any CPU.ActiveCfg = Release|Any CPU
		{380CCD08-ADA5-4F86-9B43-9E3BD9FD3D98}.Release|Any CPU.Build.0 = Release|Any CPU
		{90757911-71AF-46ED-9241-1968342994F6}.Debug|Any CPU.ActiveCfg = Debug|Any CPU
		{90757911-71AF-46ED-9241-1968342994F6}.Debug|Any CPU.Build.0 = Debug|Any CPU
		{90757911-71AF-46ED-9241-1968342994F6}.Release|Any CPU.ActiveCfg = Release|Any CPU
		{90757911-71AF-46ED-9241-1968342994F6}.Release|Any CPU.Build.0 = Release|Any CPU
		{377D443F-CAB0-4963-9AE4-50021577598E}.Debug|Any CPU.ActiveCfg = Debug|Any CPU
		{377D443F-CAB0-4963-9AE4-50021577598E}.Debug|Any CPU.Build.0 = Debug|Any CPU
		{377D443F-CAB0-4963-9AE4-50021577598E}.Release|Any CPU.ActiveCfg = Release|Any CPU
		{377D443F-CAB0-4963-9AE4-50021577598E}.Release|Any CPU.Build.0 = Release|Any CPU
		{7485159C-F987-41C1-909C-E181E61BFA1E}.Debug|Any CPU.ActiveCfg = Debug|Any CPU
		{7485159C-F987-41C1-909C-E181E61BFA1E}.Debug|Any CPU.Build.0 = Debug|Any CPU
		{7485159C-F987-41C1-909C-E181E61BFA1E}.Release|Any CPU.ActiveCfg = Release|Any CPU
		{7485159C-F987-41C1-909C-E181E61BFA1E}.Release|Any CPU.Build.0 = Release|Any CPU
		{52BBB713-5150-4C86-BFAD-53E9CBEB30D2}.Debug|Any CPU.ActiveCfg = Debug|Any CPU
		{52BBB713-5150-4C86-BFAD-53E9CBEB30D2}.Debug|Any CPU.Build.0 = Debug|Any CPU
		{52BBB713-5150-4C86-BFAD-53E9CBEB30D2}.Release|Any CPU.ActiveCfg = Release|Any CPU
		{52BBB713-5150-4C86-BFAD-53E9CBEB30D2}.Release|Any CPU.Build.0 = Release|Any CPU
		{152F8137-38A2-4EC0-B82F-8D3023455B70}.Debug|Any CPU.ActiveCfg = Debug|Any CPU
		{152F8137-38A2-4EC0-B82F-8D3023455B70}.Debug|Any CPU.Build.0 = Debug|Any CPU
		{152F8137-38A2-4EC0-B82F-8D3023455B70}.Release|Any CPU.ActiveCfg = Release|Any CPU
		{152F8137-38A2-4EC0-B82F-8D3023455B70}.Release|Any CPU.Build.0 = Release|Any CPU
		{E90DCB2F-32D3-4EF2-BCE1-8E58581BD69B}.Debug|Any CPU.ActiveCfg = Debug|Any CPU
		{E90DCB2F-32D3-4EF2-BCE1-8E58581BD69B}.Debug|Any CPU.Build.0 = Debug|Any CPU
		{E90DCB2F-32D3-4EF2-BCE1-8E58581BD69B}.Release|Any CPU.ActiveCfg = Release|Any CPU
		{E90DCB2F-32D3-4EF2-BCE1-8E58581BD69B}.Release|Any CPU.Build.0 = Release|Any CPU
		{25FA63AA-A2EE-4365-8088-DEB5510FF3AA}.Debug|Any CPU.ActiveCfg = Debug|Any CPU
		{25FA63AA-A2EE-4365-8088-DEB5510FF3AA}.Debug|Any CPU.Build.0 = Debug|Any CPU
		{25FA63AA-A2EE-4365-8088-DEB5510FF3AA}.Release|Any CPU.ActiveCfg = Release|Any CPU
		{25FA63AA-A2EE-4365-8088-DEB5510FF3AA}.Release|Any CPU.Build.0 = Release|Any CPU
		{7DEBE7EB-C1EB-43DC-A2D5-34F03FC0262A}.Debug|Any CPU.ActiveCfg = Debug|Any CPU
		{7DEBE7EB-C1EB-43DC-A2D5-34F03FC0262A}.Debug|Any CPU.Build.0 = Debug|Any CPU
		{7DEBE7EB-C1EB-43DC-A2D5-34F03FC0262A}.Release|Any CPU.ActiveCfg = Release|Any CPU
		{7DEBE7EB-C1EB-43DC-A2D5-34F03FC0262A}.Release|Any CPU.Build.0 = Release|Any CPU
		{CD90F380-EBCB-4B9F-ACB9-6A58D2DBCE56}.Debug|Any CPU.ActiveCfg = Debug|Any CPU
		{CD90F380-EBCB-4B9F-ACB9-6A58D2DBCE56}.Debug|Any CPU.Build.0 = Debug|Any CPU
		{CD90F380-EBCB-4B9F-ACB9-6A58D2DBCE56}.Release|Any CPU.ActiveCfg = Release|Any CPU
		{CD90F380-EBCB-4B9F-ACB9-6A58D2DBCE56}.Release|Any CPU.Build.0 = Release|Any CPU
		{D213FCF5-B87C-44DE-B61F-D4BEF1C4C24A}.Debug|Any CPU.ActiveCfg = Debug|Any CPU
		{D213FCF5-B87C-44DE-B61F-D4BEF1C4C24A}.Debug|Any CPU.Build.0 = Debug|Any CPU
		{D213FCF5-B87C-44DE-B61F-D4BEF1C4C24A}.Release|Any CPU.ActiveCfg = Release|Any CPU
		{D213FCF5-B87C-44DE-B61F-D4BEF1C4C24A}.Release|Any CPU.Build.0 = Release|Any CPU
		{DFF54F84-29ED-4617-91E0-046BC7E24539}.Debug|Any CPU.ActiveCfg = Debug|Any CPU
		{DFF54F84-29ED-4617-91E0-046BC7E24539}.Debug|Any CPU.Build.0 = Debug|Any CPU
		{DFF54F84-29ED-4617-91E0-046BC7E24539}.Release|Any CPU.ActiveCfg = Release|Any CPU
		{DFF54F84-29ED-4617-91E0-046BC7E24539}.Release|Any CPU.Build.0 = Release|Any CPU
		{D3FC80FD-5681-43F9-8A3B-21B63CEDC639}.Debug|Any CPU.ActiveCfg = Debug|Any CPU
		{D3FC80FD-5681-43F9-8A3B-21B63CEDC639}.Debug|Any CPU.Build.0 = Debug|Any CPU
		{D3FC80FD-5681-43F9-8A3B-21B63CEDC639}.Release|Any CPU.ActiveCfg = Release|Any CPU
		{D3FC80FD-5681-43F9-8A3B-21B63CEDC639}.Release|Any CPU.Build.0 = Release|Any CPU
		{9B753F48-5B89-4617-960F-E892A0EE33B7}.Debug|Any CPU.ActiveCfg = Debug|Any CPU
		{9B753F48-5B89-4617-960F-E892A0EE33B7}.Debug|Any CPU.Build.0 = Debug|Any CPU
		{9B753F48-5B89-4617-960F-E892A0EE33B7}.Release|Any CPU.ActiveCfg = Release|Any CPU
		{9B753F48-5B89-4617-960F-E892A0EE33B7}.Release|Any CPU.Build.0 = Release|Any CPU
		{9C5E10B9-1878-4744-925D-8C05635BFFFD}.Debug|Any CPU.ActiveCfg = Debug|Any CPU
		{9C5E10B9-1878-4744-925D-8C05635BFFFD}.Debug|Any CPU.Build.0 = Debug|Any CPU
		{9C5E10B9-1878-4744-925D-8C05635BFFFD}.Release|Any CPU.ActiveCfg = Release|Any CPU
		{9C5E10B9-1878-4744-925D-8C05635BFFFD}.Release|Any CPU.Build.0 = Release|Any CPU
		{E27A4A0D-F968-42D4-B90B-400A7344D7A4}.Debug|Any CPU.ActiveCfg = Debug|Any CPU
		{E27A4A0D-F968-42D4-B90B-400A7344D7A4}.Debug|Any CPU.Build.0 = Debug|Any CPU
		{E27A4A0D-F968-42D4-B90B-400A7344D7A4}.Release|Any CPU.ActiveCfg = Release|Any CPU
		{E27A4A0D-F968-42D4-B90B-400A7344D7A4}.Release|Any CPU.Build.0 = Release|Any CPU
		{2E9FD53F-4EDE-4BB6-AE5D-AD6CEE5F6D1C}.Debug|Any CPU.ActiveCfg = Debug|Any CPU
		{2E9FD53F-4EDE-4BB6-AE5D-AD6CEE5F6D1C}.Debug|Any CPU.Build.0 = Debug|Any CPU
		{2E9FD53F-4EDE-4BB6-AE5D-AD6CEE5F6D1C}.Release|Any CPU.ActiveCfg = Release|Any CPU
		{2E9FD53F-4EDE-4BB6-AE5D-AD6CEE5F6D1C}.Release|Any CPU.Build.0 = Release|Any CPU
		{0A86DDE1-C04D-4AC0-B2BE-06CDC8409037}.Debug|Any CPU.ActiveCfg = Debug|Any CPU
		{0A86DDE1-C04D-4AC0-B2BE-06CDC8409037}.Debug|Any CPU.Build.0 = Debug|Any CPU
		{0A86DDE1-C04D-4AC0-B2BE-06CDC8409037}.Release|Any CPU.ActiveCfg = Release|Any CPU
		{0A86DDE1-C04D-4AC0-B2BE-06CDC8409037}.Release|Any CPU.Build.0 = Release|Any CPU
	EndGlobalSection
	GlobalSection(SolutionProperties) = preSolution
		HideSolutionNode = FALSE
	EndGlobalSection
	GlobalSection(ExtensibilityGlobals) = postSolution
		SolutionGuid = {D5154C98-FD7B-4CAE-8989-F164830088E3}
	EndGlobalSection
EndGlobal
